
Microsoft Visual Studio Solution File, Format Version 12.00
# Visual Studio Version 17
VisualStudioVersion = 17.9.34616.47
MinimumVisualStudioVersion = 10.0.40219.1
Project("{FAE04EC0-301F-11D3-BF4B-00C04F79EFBC}") = "Laboratorio1_JoseRigobertoMednozaRivas", "Laboratorio1_JoseRigobertoMednozaRivas.csproj", "{A87E9AB6-58D9-40E2-9821-81B2D894204D}"
EndProject
Global
	GlobalSection(SolutionConfigurationPlatforms) = preSolution
		Debug|Any CPU = Debug|Any CPU
		Release|Any CPU = Release|Any CPU
	EndGlobalSection
	GlobalSection(ProjectConfigurationPlatforms) = postSolution
		{A87E9AB6-58D9-40E2-9821-81B2D894204D}.Debug|Any CPU.ActiveCfg = Debug|Any CPU
		{A87E9AB6-58D9-40E2-9821-81B2D894204D}.Debug|Any CPU.Build.0 = Debug|Any CPU
		{A87E9AB6-58D9-40E2-9821-81B2D894204D}.Release|Any CPU.ActiveCfg = Release|Any CPU
		{A87E9AB6-58D9-40E2-9821-81B2D894204D}.Release|Any CPU.Build.0 = Release|Any CPU
	EndGlobalSection
	GlobalSection(SolutionProperties) = preSolution
		HideSolutionNode = FALSE
	EndGlobalSection
	GlobalSection(ExtensibilityGlobals) = postSolution
		SolutionGuid = {C22BF8BC-B3A6-401F-9100-A5F2E9ED75E6}
	EndGlobalSection
EndGlobal
